
Microsoft Visual Studio Solution File, Format Version 12.00
# Visual Studio 2013
VisualStudioVersion = 12.0.40629.0
MinimumVisualStudioVersion = 10.0.40219.1
Project("{FAE04EC0-301F-11D3-BF4B-00C04F79EFBC}") = "SportSystem.App", "SportSystem.App\SportSystem.App.csproj", "{001A43D1-4336-48B6-ABF7-C20CEEC51B6C}"
EndProject
Project("{FAE04EC0-301F-11D3-BF4B-00C04F79EFBC}") = "SportSystem.Models", "SportSystem.Models\SportSystem.Models.csproj", "{056CF7CD-F313-48DF-8573-26CBF6DFEABE}"
EndProject
Project("{FAE04EC0-301F-11D3-BF4B-00C04F79EFBC}") = "SportSystem.Data", "SportSystem.Data\SportSystem.Data.csproj", "{C105D35E-D7A1-47D9-A786-6E194AF23209}"
EndProject
Global
	GlobalSection(SolutionConfigurationPlatforms) = preSolution
		Debug|Any CPU = Debug|Any CPU
		Release|Any CPU = Release|Any CPU
	EndGlobalSection
	GlobalSection(ProjectConfigurationPlatforms) = postSolution
		{001A43D1-4336-48B6-ABF7-C20CEEC51B6C}.Debug|Any CPU.ActiveCfg = Debug|Any CPU
		{001A43D1-4336-48B6-ABF7-C20CEEC51B6C}.Debug|Any CPU.Build.0 = Debug|Any CPU
		{001A43D1-4336-48B6-ABF7-C20CEEC51B6C}.Release|Any CPU.ActiveCfg = Release|Any CPU
		{001A43D1-4336-48B6-ABF7-C20CEEC51B6C}.Release|Any CPU.Build.0 = Release|Any CPU
		{056CF7CD-F313-48DF-8573-26CBF6DFEABE}.Debug|Any CPU.ActiveCfg = Debug|Any CPU
		{056CF7CD-F313-48DF-8573-26CBF6DFEABE}.Debug|Any CPU.Build.0 = Debug|Any CPU
		{056CF7CD-F313-48DF-8573-26CBF6DFEABE}.Release|Any CPU.ActiveCfg = Release|Any CPU
		{056CF7CD-F313-48DF-8573-26CBF6DFEABE}.Release|Any CPU.Build.0 = Release|Any CPU
		{C105D35E-D7A1-47D9-A786-6E194AF23209}.Debug|Any CPU.ActiveCfg = Debug|Any CPU
		{C105D35E-D7A1-47D9-A786-6E194AF23209}.Debug|Any CPU.Build.0 = Debug|Any CPU
		{C105D35E-D7A1-47D9-A786-6E194AF23209}.Release|Any CPU.ActiveCfg = Release|Any CPU
		{C105D35E-D7A1-47D9-A786-6E194AF23209}.Release|Any CPU.Build.0 = Release|Any CPU
	EndGlobalSection
	GlobalSection(SolutionProperties) = preSolution
		HideSolutionNode = FALSE
	EndGlobalSection
EndGlobal
