
Microsoft Visual Studio Solution File, Format Version 12.00
# Visual Studio 14
VisualStudioVersion = 14.0.25420.1
MinimumVisualStudioVersion = 10.0.40219.1
Project("{FAE04EC0-301F-11D3-BF4B-00C04F79EFBC}") = "Bookstore.Web", "Bookstore.Web\Bookstore.Web.csproj", "{B1E634B0-CDA4-4736-9731-B084BF741345}"
EndProject
Project("{FAE04EC0-301F-11D3-BF4B-00C04F79EFBC}") = "Bookstore.Web.Tests", "Bookstore.Web.Tests\Bookstore.Web.Tests.csproj", "{D52A69CC-B679-40FF-8588-8E172873EBDB}"
EndProject
Project("{FAE04EC0-301F-11D3-BF4B-00C04F79EFBC}") = "Bookstore.Models", "Bookstore.Models\Bookstore.Models.csproj", "{98B24EA4-1F09-431F-A4F1-6E1109DC54A1}"
EndProject
Project("{FAE04EC0-301F-11D3-BF4B-00C04F79EFBC}") = "Bookstore.Data", "Bookstore.Data\Bookstore.Data.csproj", "{21BABEF7-EB0B-49B5-A3E9-BE23579287BA}"
EndProject
Project("{FAE04EC0-301F-11D3-BF4B-00C04F79EFBC}") = "Bookstore.Services", "Bookstore.Services\Bookstore.Services.csproj", "{9ECA9162-B08A-40EE-9E8F-E85A16081C81}"
EndProject
Global
	GlobalSection(SolutionConfigurationPlatforms) = preSolution
		Debug|Any CPU = Debug|Any CPU
		Release|Any CPU = Release|Any CPU
	EndGlobalSection
	GlobalSection(ProjectConfigurationPlatforms) = postSolution
		{B1E634B0-CDA4-4736-9731-B084BF741345}.Debug|Any CPU.ActiveCfg = Debug|Any CPU
		{B1E634B0-CDA4-4736-9731-B084BF741345}.Debug|Any CPU.Build.0 = Debug|Any CPU
		{B1E634B0-CDA4-4736-9731-B084BF741345}.Release|Any CPU.ActiveCfg = Release|Any CPU
		{B1E634B0-CDA4-4736-9731-B084BF741345}.Release|Any CPU.Build.0 = Release|Any CPU
		{D52A69CC-B679-40FF-8588-8E172873EBDB}.Debug|Any CPU.ActiveCfg = Debug|Any CPU
		{D52A69CC-B679-40FF-8588-8E172873EBDB}.Debug|Any CPU.Build.0 = Debug|Any CPU
		{D52A69CC-B679-40FF-8588-8E172873EBDB}.Release|Any CPU.ActiveCfg = Release|Any CPU
		{D52A69CC-B679-40FF-8588-8E172873EBDB}.Release|Any CPU.Build.0 = Release|Any CPU
		{98B24EA4-1F09-431F-A4F1-6E1109DC54A1}.Debug|Any CPU.ActiveCfg = Debug|Any CPU
		{98B24EA4-1F09-431F-A4F1-6E1109DC54A1}.Debug|Any CPU.Build.0 = Debug|Any CPU
		{98B24EA4-1F09-431F-A4F1-6E1109DC54A1}.Release|Any CPU.ActiveCfg = Release|Any CPU
		{98B24EA4-1F09-431F-A4F1-6E1109DC54A1}.Release|Any CPU.Build.0 = Release|Any CPU
		{21BABEF7-EB0B-49B5-A3E9-BE23579287BA}.Debug|Any CPU.ActiveCfg = Debug|Any CPU
		{21BABEF7-EB0B-49B5-A3E9-BE23579287BA}.Debug|Any CPU.Build.0 = Debug|Any CPU
		{21BABEF7-EB0B-49B5-A3E9-BE23579287BA}.Release|Any CPU.ActiveCfg = Release|Any CPU
		{21BABEF7-EB0B-49B5-A3E9-BE23579287BA}.Release|Any CPU.Build.0 = Release|Any CPU
		{9ECA9162-B08A-40EE-9E8F-E85A16081C81}.Debug|Any CPU.ActiveCfg = Debug|Any CPU
		{9ECA9162-B08A-40EE-9E8F-E85A16081C81}.Debug|Any CPU.Build.0 = Debug|Any CPU
		{9ECA9162-B08A-40EE-9E8F-E85A16081C81}.Release|Any CPU.ActiveCfg = Release|Any CPU
		{9ECA9162-B08A-40EE-9E8F-E85A16081C81}.Release|Any CPU.Build.0 = Release|Any CPU
	EndGlobalSection
	GlobalSection(SolutionProperties) = preSolution
		HideSolutionNode = FALSE
	EndGlobalSection
EndGlobal
