
Microsoft Visual Studio Solution File, Format Version 12.00
# Visual Studio 2013
VisualStudioVersion = 12.0.40629.0
MinimumVisualStudioVersion = 10.0.40219.1
Project("{FAE04EC0-301F-11D3-BF4B-00C04F79EFBC}") = "SoftUni.Blog.App", "SoftUni.Blog.App\SoftUni.Blog.App.csproj", "{2B84A7A4-B08D-4E26-803E-FA877242CD1E}"
EndProject
Project("{FAE04EC0-301F-11D3-BF4B-00C04F79EFBC}") = "SoftUni.Blog.Models", "SoftUni.Blog.Models\SoftUni.Blog.Models.csproj", "{23956078-126E-4B07-BB83-EE5CE3C9B328}"
EndProject
Project("{FAE04EC0-301F-11D3-BF4B-00C04F79EFBC}") = "SoftUni.Blog.Data", "SoftUni.Blog.Data\SoftUni.Blog.Data.csproj", "{4A774CF1-CD04-49AE-8775-F581C1CE9BA2}"
EndProject
Global
	GlobalSection(SolutionConfigurationPlatforms) = preSolution
		Debug|Any CPU = Debug|Any CPU
		Release|Any CPU = Release|Any CPU
	EndGlobalSection
	GlobalSection(ProjectConfigurationPlatforms) = postSolution
		{2B84A7A4-B08D-4E26-803E-FA877242CD1E}.Debug|Any CPU.ActiveCfg = Debug|Any CPU
		{2B84A7A4-B08D-4E26-803E-FA877242CD1E}.Debug|Any CPU.Build.0 = Debug|Any CPU
		{2B84A7A4-B08D-4E26-803E-FA877242CD1E}.Release|Any CPU.ActiveCfg = Release|Any CPU
		{2B84A7A4-B08D-4E26-803E-FA877242CD1E}.Release|Any CPU.Build.0 = Release|Any CPU
		{23956078-126E-4B07-BB83-EE5CE3C9B328}.Debug|Any CPU.ActiveCfg = Debug|Any CPU
		{23956078-126E-4B07-BB83-EE5CE3C9B328}.Debug|Any CPU.Build.0 = Debug|Any CPU
		{23956078-126E-4B07-BB83-EE5CE3C9B328}.Release|Any CPU.ActiveCfg = Release|Any CPU
		{23956078-126E-4B07-BB83-EE5CE3C9B328}.Release|Any CPU.Build.0 = Release|Any CPU
		{4A774CF1-CD04-49AE-8775-F581C1CE9BA2}.Debug|Any CPU.ActiveCfg = Debug|Any CPU
		{4A774CF1-CD04-49AE-8775-F581C1CE9BA2}.Debug|Any CPU.Build.0 = Debug|Any CPU
		{4A774CF1-CD04-49AE-8775-F581C1CE9BA2}.Release|Any CPU.ActiveCfg = Release|Any CPU
		{4A774CF1-CD04-49AE-8775-F581C1CE9BA2}.Release|Any CPU.Build.0 = Release|Any CPU
	EndGlobalSection
	GlobalSection(SolutionProperties) = preSolution
		HideSolutionNode = FALSE
	EndGlobalSection
EndGlobal
